<Solution>
  <Folder Name="/files/">
    <File Path="AGENTS.md" />
  </Folder>
  <Folder Name="/src/">
    <Project Path="src/MssqlBackup.Api/MssqlBackup.Api.csproj" />
    <Project Path="src/MssqlBackup.Console/MssqlBackup.Console.csproj" />
    <Project Path="src/MssqlBackup.Shared/MssqlBackup.Shared.csproj" />
    <Project Path="src/MssqlBackup.Web/MssqlBackup.Web.csproj" />
  </Folder>
</Solution>
